
Microsoft Visual Studio Solution File, Format Version 12.00
# Visual Studio 14
VisualStudioVersion = 14.0.23107.0
MinimumVisualStudioVersion = 10.0.40219.1
Project("{FAE04EC0-301F-11D3-BF4B-00C04F79EFBC}") = "Service", "Service\Service.csproj", "{01AE963C-BB97-41C2-A16D-66D3FA51C284}"
EndProject
Project("{FAE04EC0-301F-11D3-BF4B-00C04F79EFBC}") = "Common", "Common\Common.csproj", "{6714DDCD-F116-45EF-A85A-F5FD3A3D91D0}"
EndProject
Project("{FAE04EC0-301F-11D3-BF4B-00C04F79EFBC}") = "Client", "Client\Client.csproj", "{FA73C426-D9C4-4548-88A9-5AA694C9A410}"
EndProject
Global
	GlobalSection(SolutionConfigurationPlatforms) = preSolution
		Debug|Any CPU = Debug|Any CPU
		Release|Any CPU = Release|Any CPU
	EndGlobalSection
	GlobalSection(ProjectConfigurationPlatforms) = postSolution
		{01AE963C-BB97-41C2-A16D-66D3FA51C284}.Debug|Any CPU.ActiveCfg = Debug|Any CPU
		{01AE963C-BB97-41C2-A16D-66D3FA51C284}.Debug|Any CPU.Build.0 = Debug|Any CPU
		{01AE963C-BB97-41C2-A16D-66D3FA51C284}.Release|Any CPU.ActiveCfg = Release|Any CPU
		{01AE963C-BB97-41C2-A16D-66D3FA51C284}.Release|Any CPU.Build.0 = Release|Any CPU
		{6714DDCD-F116-45EF-A85A-F5FD3A3D91D0}.Debug|Any CPU.ActiveCfg = Debug|Any CPU
		{6714DDCD-F116-45EF-A85A-F5FD3A3D91D0}.Debug|Any CPU.Build.0 = Debug|Any CPU
		{6714DDCD-F116-45EF-A85A-F5FD3A3D91D0}.Release|Any CPU.ActiveCfg = Release|Any CPU
		{6714DDCD-F116-45EF-A85A-F5FD3A3D91D0}.Release|Any CPU.Build.0 = Release|Any CPU
		{FA73C426-D9C4-4548-88A9-5AA694C9A410}.Debug|Any CPU.ActiveCfg = Debug|Any CPU
		{FA73C426-D9C4-4548-88A9-5AA694C9A410}.Debug|Any CPU.Build.0 = Debug|Any CPU
		{FA73C426-D9C4-4548-88A9-5AA694C9A410}.Release|Any CPU.ActiveCfg = Release|Any CPU
		{FA73C426-D9C4-4548-88A9-5AA694C9A410}.Release|Any CPU.Build.0 = Release|Any CPU
	EndGlobalSection
	GlobalSection(SolutionProperties) = preSolution
		HideSolutionNode = FALSE
	EndGlobalSection
EndGlobal
